
Microsoft Visual Studio Solution File, Format Version 12.00
# Visual Studio 15
Project("{FAE04EC0-301F-11D3-BF4B-00C04F79EFBC}") = "Assembly-CSharp", "Assembly-CSharp.csproj", "{2B183910-26D7-68AD-D207-05F0DAC062B5}"
EndProject
Project("{FAE04EC0-301F-11D3-BF4B-00C04F79EFBC}") = "Assembly-CSharp-Editor", "Assembly-CSharp-Editor.csproj", "{C92973CD-31CB-5729-95F7-D1CEC3D0CB47}"
EndProject
Global
	GlobalSection(SolutionConfigurationPlatforms) = preSolution
		Debug|Any CPU = Debug|Any CPU
		Release|Any CPU = Release|Any CPU
	EndGlobalSection
	GlobalSection(ProjectConfigurationPlatforms) = postSolution
		{2B183910-26D7-68AD-D207-05F0DAC062B5}.Debug|Any CPU.ActiveCfg = Debug|Any CPU
		{2B183910-26D7-68AD-D207-05F0DAC062B5}.Debug|Any CPU.Build.0 = Debug|Any CPU
		{2B183910-26D7-68AD-D207-05F0DAC062B5}.Release|Any CPU.ActiveCfg = Release|Any CPU
		{2B183910-26D7-68AD-D207-05F0DAC062B5}.Release|Any CPU.Build.0 = Release|Any CPU
		{C92973CD-31CB-5729-95F7-D1CEC3D0CB47}.Debug|Any CPU.ActiveCfg = Debug|Any CPU
		{C92973CD-31CB-5729-95F7-D1CEC3D0CB47}.Debug|Any CPU.Build.0 = Debug|Any CPU
		{C92973CD-31CB-5729-95F7-D1CEC3D0CB47}.Release|Any CPU.ActiveCfg = Release|Any CPU
		{C92973CD-31CB-5729-95F7-D1CEC3D0CB47}.Release|Any CPU.Build.0 = Release|Any CPU
	EndGlobalSection
	GlobalSection(SolutionProperties) = preSolution
		HideSolutionNode = FALSE
	EndGlobalSection
EndGlobal
